
Microsoft Visual Studio Solution File, Format Version 12.00
# Visual Studio Version 17
VisualStudioVersion = 17.7.34009.444
MinimumVisualStudioVersion = 10.0.40219.1
Project("{FAE04EC0-301F-11D3-BF4B-00C04F79EFBC}") = "ChatbotProyec", "ChatbotProyec\ChatbotProyec.csproj", "{C115FCAD-E004-448D-AEDC-1D5F0B7E79BB}"
EndProject
Global
	GlobalSection(SolutionConfigurationPlatforms) = preSolution
		Debug|Any CPU = Debug|Any CPU
		Release|Any CPU = Release|Any CPU
	EndGlobalSection
	GlobalSection(ProjectConfigurationPlatforms) = postSolution
		{C115FCAD-E004-448D-AEDC-1D5F0B7E79BB}.Debug|Any CPU.ActiveCfg = Debug|Any CPU
		{C115FCAD-E004-448D-AEDC-1D5F0B7E79BB}.Debug|Any CPU.Build.0 = Debug|Any CPU
		{C115FCAD-E004-448D-AEDC-1D5F0B7E79BB}.Release|Any CPU.ActiveCfg = Release|Any CPU
		{C115FCAD-E004-448D-AEDC-1D5F0B7E79BB}.Release|Any CPU.Build.0 = Release|Any CPU
	EndGlobalSection
	GlobalSection(SolutionProperties) = preSolution
		HideSolutionNode = FALSE
	EndGlobalSection
	GlobalSection(ExtensibilityGlobals) = postSolution
		SolutionGuid = {E36DF726-AAB5-49EC-8004-E7441A86DE38}
	EndGlobalSection
EndGlobal
